
Microsoft Visual Studio Solution File, Format Version 12.00
# Visual Studio 15
VisualStudioVersion = 15.0.27130.2036
MinimumVisualStudioVersion = 10.0.40219.1
Project("{2150E333-8FDC-42A3-9474-1A3956D46DE8}") = "Rosbridge.Client", "Rosbridge.Client", "{4D4B7E7A-A53F-463E-9F52-581846F73332}"
EndProject
Project("{9A19103F-16F7-4668-BE54-9A1E7A4F7556}") = "Rosbridge.Client.Common", "Rosbridge.Client.Common\Rosbridge.Client.Common.csproj", "{B03D0CD3-6BCA-4643-A366-D47FE84F87C1}"
EndProject
Project("{9A19103F-16F7-4668-BE54-9A1E7A4F7556}") = "Rosbridge.Client.V2_0", "Rosbridge.Client.V2_0\Rosbridge.Client.V2_0.csproj", "{FBC42B0A-715F-4ABF-881E-6F7E0E8BF54A}"
EndProject
Project("{FAE04EC0-301F-11D3-BF4B-00C04F79EFBC}") = "Rosbridge.Client.Common.UnitTests", "Rosbridge.Client.Common.UnitTests\Rosbridge.Client.Common.UnitTests.csproj", "{465952FE-6B64-4A5D-B1E4-01844159C63A}"
EndProject
Project("{FAE04EC0-301F-11D3-BF4B-00C04F79EFBC}") = "Rosbridge.Client.V2_0.UnitTests", "Rosbridge.Client.V2_0.UnitTests\Rosbridge.Client.V2_0.UnitTests.csproj", "{A4E61E7E-15B4-4610-8AAA-1AE69860D6A7}"
EndProject
Project("{FAE04EC0-301F-11D3-BF4B-00C04F79EFBC}") = "Rosbridge.Client.WPF", "Rosbridge.Client.WPF\Rosbridge.Client.WPF.csproj", "{3C8EBFEB-588F-451A-A29C-EC7A70BDC4CC}"
EndProject
Project("{2150E333-8FDC-42A3-9474-1A3956D46DE8}") = "Rosbridge.CodeGeneration", "Rosbridge.CodeGeneration", "{349315F5-9E17-4C06-8052-6FD4CD58D532}"
EndProject
Project("{9A19103F-16F7-4668-BE54-9A1E7A4F7556}") = "Rosbridge.CodeGeneration.Logic", "Rosbridge.CodeGeneration.Logic\Rosbridge.CodeGeneration.Logic.csproj", "{B514BA6B-772F-48BB-B20E-2C87184F5699}"
EndProject
Project("{FAE04EC0-301F-11D3-BF4B-00C04F79EFBC}") = "Rosbridge.CodeGeneration.Logic.UnitTests", "Rosbridge.CodeGeneration.Logic.UnitTests\Rosbridge.CodeGeneration.Logic.UnitTests.csproj", "{C6E46F93-E7E4-43BE-8F8E-5DDB6F351AAE}"
EndProject
Project("{2150E333-8FDC-42A3-9474-1A3956D46DE8}") = "T4Template", "T4Template", "{2AE19447-5F0A-4BCF-BB51-18413614F834}"
EndProject
Project("{9A19103F-16F7-4668-BE54-9A1E7A4F7556}") = "T4Template.Utilities", "T4Template.Utilities\T4Template.Utilities.csproj", "{25AA2C74-6B2C-4072-B1AA-807EDCD7FEF2}"
EndProject
Project("{2150E333-8FDC-42A3-9474-1A3956D46DE8}") = "Common", "Common", "{B0C08DE1-CF3D-4267-8DA2-D3E6B70D2FB6}"
EndProject
Project("{FAE04EC0-301F-11D3-BF4B-00C04F79EFBC}") = "Common.Testing.Utilities", "Common.Testing.Utilities\Common.Testing.Utilities.csproj", "{7115AF9B-9E38-45DA-BB38-2D68CFADFF16}"
EndProject
Project("{FAE04EC0-301F-11D3-BF4B-00C04F79EFBC}") = "Rosbridge.Client.V2_0.IntegrationTests", "Rosbridge.Client.V2_0.IntegrationTests\Rosbridge.Client.V2_0.IntegrationTests.csproj", "{3E8DB7B0-3615-4C9D-869F-4459C28212D1}"
EndProject
Project("{FAE04EC0-301F-11D3-BF4B-00C04F79EFBC}") = "RosMessages", "RosMessages\RosMessages.csproj", "{9239A10A-0EB6-4861-82CD-65027B0CF475}"
EndProject
Global
	GlobalSection(SolutionConfigurationPlatforms) = preSolution
		Debug|Any CPU = Debug|Any CPU
		Release|Any CPU = Release|Any CPU
	EndGlobalSection
	GlobalSection(ProjectConfigurationPlatforms) = postSolution
		{B03D0CD3-6BCA-4643-A366-D47FE84F87C1}.Debug|Any CPU.ActiveCfg = Debug|Any CPU
		{B03D0CD3-6BCA-4643-A366-D47FE84F87C1}.Debug|Any CPU.Build.0 = Debug|Any CPU
		{B03D0CD3-6BCA-4643-A366-D47FE84F87C1}.Release|Any CPU.ActiveCfg = Release|Any CPU
		{B03D0CD3-6BCA-4643-A366-D47FE84F87C1}.Release|Any CPU.Build.0 = Release|Any CPU
		{FBC42B0A-715F-4ABF-881E-6F7E0E8BF54A}.Debug|Any CPU.ActiveCfg = Debug|Any CPU
		{FBC42B0A-715F-4ABF-881E-6F7E0E8BF54A}.Debug|Any CPU.Build.0 = Debug|Any CPU
		{FBC42B0A-715F-4ABF-881E-6F7E0E8BF54A}.Release|Any CPU.ActiveCfg = Release|Any CPU
		{FBC42B0A-715F-4ABF-881E-6F7E0E8BF54A}.Release|Any CPU.Build.0 = Release|Any CPU
		{465952FE-6B64-4A5D-B1E4-01844159C63A}.Debug|Any CPU.ActiveCfg = Debug|Any CPU
		{465952FE-6B64-4A5D-B1E4-01844159C63A}.Debug|Any CPU.Build.0 = Debug|Any CPU
		{465952FE-6B64-4A5D-B1E4-01844159C63A}.Release|Any CPU.ActiveCfg = Release|Any CPU
		{A4E61E7E-15B4-4610-8AAA-1AE69860D6A7}.Debug|Any CPU.ActiveCfg = Debug|Any CPU
		{A4E61E7E-15B4-4610-8AAA-1AE69860D6A7}.Debug|Any CPU.Build.0 = Debug|Any CPU
		{A4E61E7E-15B4-4610-8AAA-1AE69860D6A7}.Release|Any CPU.ActiveCfg = Release|Any CPU
		{3C8EBFEB-588F-451A-A29C-EC7A70BDC4CC}.Debug|Any CPU.ActiveCfg = Debug|Any CPU
		{3C8EBFEB-588F-451A-A29C-EC7A70BDC4CC}.Release|Any CPU.ActiveCfg = Release|Any CPU
		{3C8EBFEB-588F-451A-A29C-EC7A70BDC4CC}.Release|Any CPU.Build.0 = Release|Any CPU
		{B514BA6B-772F-48BB-B20E-2C87184F5699}.Debug|Any CPU.ActiveCfg = Debug|Any CPU
		{B514BA6B-772F-48BB-B20E-2C87184F5699}.Debug|Any CPU.Build.0 = Debug|Any CPU
		{B514BA6B-772F-48BB-B20E-2C87184F5699}.Release|Any CPU.ActiveCfg = Release|Any CPU
		{C6E46F93-E7E4-43BE-8F8E-5DDB6F351AAE}.Debug|Any CPU.ActiveCfg = Debug|Any CPU
		{C6E46F93-E7E4-43BE-8F8E-5DDB6F351AAE}.Debug|Any CPU.Build.0 = Debug|Any CPU
		{C6E46F93-E7E4-43BE-8F8E-5DDB6F351AAE}.Release|Any CPU.ActiveCfg = Release|Any CPU
		{25AA2C74-6B2C-4072-B1AA-807EDCD7FEF2}.Debug|Any CPU.ActiveCfg = Debug|Any CPU
		{25AA2C74-6B2C-4072-B1AA-807EDCD7FEF2}.Debug|Any CPU.Build.0 = Debug|Any CPU
		{25AA2C74-6B2C-4072-B1AA-807EDCD7FEF2}.Release|Any CPU.ActiveCfg = Release|Any CPU
		{7115AF9B-9E38-45DA-BB38-2D68CFADFF16}.Debug|Any CPU.ActiveCfg = Debug|Any CPU
		{7115AF9B-9E38-45DA-BB38-2D68CFADFF16}.Debug|Any CPU.Build.0 = Debug|Any CPU
		{7115AF9B-9E38-45DA-BB38-2D68CFADFF16}.Release|Any CPU.ActiveCfg = Release|Any CPU
		{7115AF9B-9E38-45DA-BB38-2D68CFADFF16}.Release|Any CPU.Build.0 = Release|Any CPU
		{3E8DB7B0-3615-4C9D-869F-4459C28212D1}.Debug|Any CPU.ActiveCfg = Debug|Any CPU
		{3E8DB7B0-3615-4C9D-869F-4459C28212D1}.Debug|Any CPU.Build.0 = Debug|Any CPU
		{3E8DB7B0-3615-4C9D-869F-4459C28212D1}.Release|Any CPU.ActiveCfg = Release|Any CPU
		{9239A10A-0EB6-4861-82CD-65027B0CF475}.Debug|Any CPU.ActiveCfg = Debug|Any CPU
		{9239A10A-0EB6-4861-82CD-65027B0CF475}.Debug|Any CPU.Build.0 = Debug|Any CPU
		{9239A10A-0EB6-4861-82CD-65027B0CF475}.Release|Any CPU.ActiveCfg = Release|Any CPU
		{9239A10A-0EB6-4861-82CD-65027B0CF475}.Release|Any CPU.Build.0 = Release|Any CPU
	EndGlobalSection
	GlobalSection(SolutionProperties) = preSolution
		HideSolutionNode = FALSE
	EndGlobalSection
	GlobalSection(NestedProjects) = preSolution
		{B03D0CD3-6BCA-4643-A366-D47FE84F87C1} = {4D4B7E7A-A53F-463E-9F52-581846F73332}
		{FBC42B0A-715F-4ABF-881E-6F7E0E8BF54A} = {4D4B7E7A-A53F-463E-9F52-581846F73332}
		{465952FE-6B64-4A5D-B1E4-01844159C63A} = {4D4B7E7A-A53F-463E-9F52-581846F73332}
		{A4E61E7E-15B4-4610-8AAA-1AE69860D6A7} = {4D4B7E7A-A53F-463E-9F52-581846F73332}
		{3C8EBFEB-588F-451A-A29C-EC7A70BDC4CC} = {4D4B7E7A-A53F-463E-9F52-581846F73332}
		{B514BA6B-772F-48BB-B20E-2C87184F5699} = {349315F5-9E17-4C06-8052-6FD4CD58D532}
		{C6E46F93-E7E4-43BE-8F8E-5DDB6F351AAE} = {349315F5-9E17-4C06-8052-6FD4CD58D532}
		{25AA2C74-6B2C-4072-B1AA-807EDCD7FEF2} = {2AE19447-5F0A-4BCF-BB51-18413614F834}
		{7115AF9B-9E38-45DA-BB38-2D68CFADFF16} = {B0C08DE1-CF3D-4267-8DA2-D3E6B70D2FB6}
		{3E8DB7B0-3615-4C9D-869F-4459C28212D1} = {4D4B7E7A-A53F-463E-9F52-581846F73332}
	EndGlobalSection
	GlobalSection(ExtensibilityGlobals) = postSolution
		SolutionGuid = {2DCDA1A9-0229-43A4-B1BB-16503DCFC8FC}
	EndGlobalSection
EndGlobal
